// !$*UTF8*$!
{
	archiveVersion = 1;
	classes = {
	};
	objectVersion = 50;
	objects = {

/* Begin PBXBuildFile section */
		37642166224CCF2000357E5B /* TEMPAppDelegate.m in Sources */ = {isa = PBXBuildFile; fileRef = 37642165224CCF2000357E5B /* TEMPAppDelegate.m */; };
		3764216C224CCF2000357E5B /* Main.storyboard in Resources */ = {isa = PBXBuildFile; fileRef = 3764216A224CCF2000357E5B /* Main.storyboard */; };
		3764216E224CCF2200357E5B /* Assets.xcassets in Resources */ = {isa = PBXBuildFile; fileRef = 3764216D224CCF2200357E5B /* Assets.xcassets */; };
		37642171224CCF2200357E5B /* LaunchScreen.storyboard in Resources */ = {isa = PBXBuildFile; fileRef = 3764216F224CCF2200357E5B /* LaunchScreen.storyboard */; };
		37642174224CCF2200357E5B /* main.m in Sources */ = {isa = PBXBuildFile; fileRef = 37642173224CCF2200357E5B /* main.m */; };
		3764217E224CCF2200357E5B /* __Tests.m in Sources */ = {isa = PBXBuildFile; fileRef = 3764217D224CCF2200357E5B /* __Tests.m */; };
		37642189224CCF2200357E5B /* __UITests.m in Sources */ = {isa = PBXBuildFile; fileRef = 37642188224CCF2200357E5B /* __UITests.m */; };
		376421E6224CD65600357E5B /* UIImage+Blur.m in Sources */ = {isa = PBXBuildFile; fileRef = 376421B7224CD65600357E5B /* UIImage+Blur.m */; };
		376421E7224CD65600357E5B /* ASButtonNode+LHExtension.m in Sources */ = {isa = PBXBuildFile; fileRef = 376421B9224CD65600357E5B /* ASButtonNode+LHExtension.m */; };
		376421E8224CD65600357E5B /* UIView+LH.m in Sources */ = {isa = PBXBuildFile; fileRef = 376421BA224CD65600357E5B /* UIView+LH.m */; };
		376421E9224CD65600357E5B /* UIView+ZDD.m in Sources */ = {isa = PBXBuildFile; fileRef = 376421BB224CD65600357E5B /* UIView+ZDD.m */; };
		376421EA224CD65600357E5B /* NSMutableDictionary+Attributes.m in Sources */ = {isa = PBXBuildFile; fileRef = 376421BD224CD65600357E5B /* NSMutableDictionary+Attributes.m */; };
		376421EB224CD65600357E5B /* NSMutableAttributedString+Chain.m in Sources */ = {isa = PBXBuildFile; fileRef = 376421BE224CD65600357E5B /* NSMutableAttributedString+Chain.m */; };
		376421EC224CD65600357E5B /* NSString+Regex.m in Sources */ = {isa = PBXBuildFile; fileRef = 376421C4224CD65600357E5B /* NSString+Regex.m */; };
		376421ED224CD65600357E5B /* UIColor+CustomColors.m in Sources */ = {isa = PBXBuildFile; fileRef = 376421C5224CD65600357E5B /* UIColor+CustomColors.m */; };
		376421EE224CD65600357E5B /* UIView+ZDD.m in Sources */ = {isa = PBXBuildFile; fileRef = 376421C7224CD65600357E5B /* UIView+ZDD.m */; };
		376421EF224CD65600357E5B /* ZDDThemeConfiguration.m in Sources */ = {isa = PBXBuildFile; fileRef = 376421C9224CD65600357E5B /* ZDDThemeConfiguration.m */; };
		376421F0224CD65600357E5B /* UIColor+ZDDColor.m in Sources */ = {isa = PBXBuildFile; fileRef = 376421CC224CD65600357E5B /* UIColor+ZDDColor.m */; };
		376421F1224CD65600357E5B /* ZDDNotificationName.m in Sources */ = {isa = PBXBuildFile; fileRef = 376421CF224CD65600357E5B /* ZDDNotificationName.m */; };
		376421F2224CD65600357E5B /* TEMPKeyConfiguration.m in Sources */ = {isa = PBXBuildFile; fileRef = 376421D2224CD65600357E5B /* TEMPKeyConfiguration.m */; };
		376421F3224CD65600357E5B /* UINavigationController+FDFullscreenPopGesture.m in Sources */ = {isa = PBXBuildFile; fileRef = 376421D6224CD65600357E5B /* UINavigationController+FDFullscreenPopGesture.m */; };
		376421F4224CD65600357E5B /* ZDDPhotoBrowseView.m in Sources */ = {isa = PBXBuildFile; fileRef = 376421DC224CD65600357E5B /* ZDDPhotoBrowseView.m */; };
		376421F5224CD65600357E5B /* NSArray+HYBUnicodeReadable.m in Sources */ = {isa = PBXBuildFile; fileRef = 376421DF224CD65600357E5B /* NSArray+HYBUnicodeReadable.m */; };
		376421F6224CD65600357E5B /* NSDictionary+HYBUnicodeReadable.m in Sources */ = {isa = PBXBuildFile; fileRef = 376421E0224CD65600357E5B /* NSDictionary+HYBUnicodeReadable.m */; };
		376421F7224CD65600357E5B /* NSSet+HYBUnicodeReadable.m in Sources */ = {isa = PBXBuildFile; fileRef = 376421E1224CD65600357E5B /* NSSet+HYBUnicodeReadable.m */; };
		376421F8224CD65600357E5B /* Foundation+Log.m in Sources */ = {isa = PBXBuildFile; fileRef = 376421E3224CD65600357E5B /* Foundation+Log.m */; };
		37642206224CD69800357E5B /* TEMPSDKManager.m in Sources */ = {isa = PBXBuildFile; fileRef = 376421FA224CD69800357E5B /* TEMPSDKManager.m */; };
		37642207224CD69800357E5B /* TEMPLaunchManager.m in Sources */ = {isa = PBXBuildFile; fileRef = 376421FD224CD69800357E5B /* TEMPLaunchManager.m */; };
		37642208224CD69800357E5B /* TEMPAppDelegate+BackgroundTask.m in Sources */ = {isa = PBXBuildFile; fileRef = 37642203224CD69800357E5B /* TEMPAppDelegate+BackgroundTask.m */; };
		37642209224CD69800357E5B /* TEMPAppDelegate+OpenURL.m in Sources */ = {isa = PBXBuildFile; fileRef = 37642204224CD69800357E5B /* TEMPAppDelegate+OpenURL.m */; };
		3764220A224CD69800357E5B /* TEMPAppDelegate+PushService.m in Sources */ = {isa = PBXBuildFile; fileRef = 37642205224CD69800357E5B /* TEMPAppDelegate+PushService.m */; };
		37642210224CD6E000357E5B /* ZDDTabBarController.m in Sources */ = {isa = PBXBuildFile; fileRef = 3764220D224CD6E000357E5B /* ZDDTabBarController.m */; };
		37642211224CD6E000357E5B /* ZDDMenuBaseNavController.m in Sources */ = {isa = PBXBuildFile; fileRef = 3764220E224CD6E000357E5B /* ZDDMenuBaseNavController.m */; };
		37642214224CD77C00357E5B /* ZDDBaseViewController.m in Sources */ = {isa = PBXBuildFile; fileRef = 37642213224CD77C00357E5B /* ZDDBaseViewController.m */; };
		37642217224CD79A00357E5B /* ZDDSecondController.m in Sources */ = {isa = PBXBuildFile; fileRef = 37642216224CD79A00357E5B /* ZDDSecondController.m */; };
		3764221A224CD7AA00357E5B /* ZDDFirstController.m in Sources */ = {isa = PBXBuildFile; fileRef = 37642219224CD7AA00357E5B /* ZDDFirstController.m */; };
		3764221D224CD7BD00357E5B /* ZDDThridController.m in Sources */ = {isa = PBXBuildFile; fileRef = 3764221C224CD7BD00357E5B /* ZDDThridController.m */; };
		37E6A119224D09A60056CB8C /* ZDDFistListCellNode.m in Sources */ = {isa = PBXBuildFile; fileRef = 37E6A118224D09A60056CB8C /* ZDDFistListCellNode.m */; };
		37E6A11C224D0C0C0056CB8C /* ZDDFileModel.m in Sources */ = {isa = PBXBuildFile; fileRef = 37E6A11B224D0C0C0056CB8C /* ZDDFileModel.m */; };
		4A0B8F94224DBA3100B15CCB /* GODWebViewController.m in Sources */ = {isa = PBXBuildFile; fileRef = 4A0B8F93224DBA3100B15CCB /* GODWebViewController.m */; };
		94644878784C21C6A210539C /* libPods-笑笑.a in Frameworks */ = {isa = PBXBuildFile; fileRef = 00B434BE16EB49747D1E1B8D /* libPods-笑笑.a */; };
/* End PBXBuildFile section */

/* Begin PBXContainerItemProxy section */
		3764217A224CCF2200357E5B /* PBXContainerItemProxy */ = {
			isa = PBXContainerItemProxy;
			containerPortal = 37642159224CCF2000357E5B /* Project object */;
			proxyType = 1;
			remoteGlobalIDString = 37642160224CCF2000357E5B;
			remoteInfo = "笑笑";
		};
		37642185224CCF2200357E5B /* PBXContainerItemProxy */ = {
			isa = PBXContainerItemProxy;
			containerPortal = 37642159224CCF2000357E5B /* Project object */;
			proxyType = 1;
			remoteGlobalIDString = 37642160224CCF2000357E5B;
			remoteInfo = "笑笑";
		};
/* End PBXContainerItemProxy section */

/* Begin PBXFileReference section */
		00B434BE16EB49747D1E1B8D /* libPods-笑笑.a */ = {isa = PBXFileReference; explicitFileType = archive.ar; includeInIndex = 0; path = "libPods-笑笑.a"; sourceTree = BUILT_PRODUCTS_DIR; };
		013533592A6A9525649FD825 /* Pods-笑笑.release.xcconfig */ = {isa = PBXFileReference; includeInIndex = 1; lastKnownFileType = text.xcconfig; name = "Pods-笑笑.release.xcconfig"; path = "Pods/Target Support Files/Pods-笑笑/Pods-笑笑.release.xcconfig"; sourceTree = "<group>"; };
		37642161224CCF2000357E5B /* 笑笑.app */ = {isa = PBXFileReference; explicitFileType = wrapper.application; includeInIndex = 0; path = "笑笑.app"; sourceTree = BUILT_PRODUCTS_DIR; };
		37642164224CCF2000357E5B /* TEMPAppDelegate.h */ = {isa = PBXFileReference; lastKnownFileType = sourcecode.c.h; path = TEMPAppDelegate.h; sourceTree = "<group>"; };
		37642165224CCF2000357E5B /* TEMPAppDelegate.m */ = {isa = PBXFileReference; lastKnownFileType = sourcecode.c.objc; path = TEMPAppDelegate.m; sourceTree = "<group>"; };
		3764216B224CCF2000357E5B /* Base */ = {isa = PBXFileReference; lastKnownFileType = file.storyboard; name = Base; path = Base.lproj/Main.storyboard; sourceTree = "<group>"; };
		3764216D224CCF2200357E5B /* Assets.xcassets */ = {isa = PBXFileReference; lastKnownFileType = folder.assetcatalog; path = Assets.xcassets; sourceTree = "<group>"; };
		37642170224CCF2200357E5B /* Base */ = {isa = PBXFileReference; lastKnownFileType = file.storyboard; name = Base; path = Base.lproj/LaunchScreen.storyboard; sourceTree = "<group>"; };
		37642172224CCF2200357E5B /* Info.plist */ = {isa = PBXFileReference; lastKnownFileType = text.plist.xml; path = Info.plist; sourceTree = "<group>"; };
		37642173224CCF2200357E5B /* main.m */ = {isa = PBXFileReference; lastKnownFileType = sourcecode.c.objc; path = main.m; sourceTree = "<group>"; };
		37642179224CCF2200357E5B /* 笑笑Tests.xctest */ = {isa = PBXFileReference; explicitFileType = wrapper.cfbundle; includeInIndex = 0; path = "笑笑Tests.xctest"; sourceTree = BUILT_PRODUCTS_DIR; };
		3764217D224CCF2200357E5B /* __Tests.m */ = {isa = PBXFileReference; lastKnownFileType = sourcecode.c.objc; path = __Tests.m; sourceTree = "<group>"; };
		3764217F224CCF2200357E5B /* Info.plist */ = {isa = PBXFileReference; lastKnownFileType = text.plist.xml; path = Info.plist; sourceTree = "<group>"; };
		37642184224CCF2200357E5B /* 笑笑UITests.xctest */ = {isa = PBXFileReference; explicitFileType = wrapper.cfbundle; includeInIndex = 0; path = "笑笑UITests.xctest"; sourceTree = BUILT_PRODUCTS_DIR; };
		37642188224CCF2200357E5B /* __UITests.m */ = {isa = PBXFileReference; lastKnownFileType = sourcecode.c.objc; path = __UITests.m; sourceTree = "<group>"; };
		3764218A224CCF2200357E5B /* Info.plist */ = {isa = PBXFileReference; lastKnownFileType = text.plist.xml; path = Info.plist; sourceTree = "<group>"; };
		376421B7224CD65600357E5B /* UIImage+Blur.m */ = {isa = PBXFileReference; fileEncoding = 4; lastKnownFileType = sourcecode.c.objc; path = "UIImage+Blur.m"; sourceTree = "<group>"; };
		376421B9224CD65600357E5B /* ASButtonNode+LHExtension.m */ = {isa = PBXFileReference; fileEncoding = 4; lastKnownFileType = sourcecode.c.objc; path = "ASButtonNode+LHExtension.m"; sourceTree = "<group>"; };
		376421BA224CD65600357E5B /* UIView+LH.m */ = {isa = PBXFileReference; fileEncoding = 4; lastKnownFileType = sourcecode.c.objc; path = "UIView+LH.m"; sourceTree = "<group>"; };
		376421BB224CD65600357E5B /* UIView+ZDD.m */ = {isa = PBXFileReference; fileEncoding = 4; lastKnownFileType = sourcecode.c.objc; path = "UIView+ZDD.m"; sourceTree = "<group>"; };
		376421BC224CD65600357E5B /* NSString+Regex.h */ = {isa = PBXFileReference; fileEncoding = 4; lastKnownFileType = sourcecode.c.h; path = "NSString+Regex.h"; sourceTree = "<group>"; };
		376421BD224CD65600357E5B /* NSMutableDictionary+Attributes.m */ = {isa = PBXFileReference; fileEncoding = 4; lastKnownFileType = sourcecode.c.objc; path = "NSMutableDictionary+Attributes.m"; sourceTree = "<group>"; };
		376421BE224CD65600357E5B /* NSMutableAttributedString+Chain.m */ = {isa = PBXFileReference; fileEncoding = 4; lastKnownFileType = sourcecode.c.objc; path = "NSMutableAttributedString+Chain.m"; sourceTree = "<group>"; };
		376421BF224CD65600357E5B /* UIColor+CustomColors.h */ = {isa = PBXFileReference; fileEncoding = 4; lastKnownFileType = sourcecode.c.h; path = "UIColor+CustomColors.h"; sourceTree = "<group>"; };
		376421C0224CD65600357E5B /* ASButtonNode+LHExtension.h */ = {isa = PBXFileReference; fileEncoding = 4; lastKnownFileType = sourcecode.c.h; path = "ASButtonNode+LHExtension.h"; sourceTree = "<group>"; };
		376421C1224CD65600357E5B /* UIView+ZDD.h */ = {isa = PBXFileReference; fileEncoding = 4; lastKnownFileType = sourcecode.c.h; path = "UIView+ZDD.h"; sourceTree = "<group>"; };
		376421C2224CD65600357E5B /* UIView+LH.h */ = {isa = PBXFileReference; fileEncoding = 4; lastKnownFileType = sourcecode.c.h; path = "UIView+LH.h"; sourceTree = "<group>"; };
		376421C3224CD65600357E5B /* NSMutableDictionary+Attributes.h */ = {isa = PBXFileReference; fileEncoding = 4; lastKnownFileType = sourcecode.c.h; path = "NSMutableDictionary+Attributes.h"; sourceTree = "<group>"; };
		376421C4224CD65600357E5B /* NSString+Regex.m */ = {isa = PBXFileReference; fileEncoding = 4; lastKnownFileType = sourcecode.c.objc; path = "NSString+Regex.m"; sourceTree = "<group>"; };
		376421C5224CD65600357E5B /* UIColor+CustomColors.m */ = {isa = PBXFileReference; fileEncoding = 4; lastKnownFileType = sourcecode.c.objc; path = "UIColor+CustomColors.m"; sourceTree = "<group>"; };
		376421C6224CD65600357E5B /* NSMutableAttributedString+Chain.h */ = {isa = PBXFileReference; fileEncoding = 4; lastKnownFileType = sourcecode.c.h; path = "NSMutableAttributedString+Chain.h"; sourceTree = "<group>"; };
		376421C7224CD65600357E5B /* UIView+ZDD.m */ = {isa = PBXFileReference; fileEncoding = 4; lastKnownFileType = sourcecode.c.objc; path = "UIView+ZDD.m"; sourceTree = "<group>"; };
		376421C9224CD65600357E5B /* ZDDThemeConfiguration.m */ = {isa = PBXFileReference; fileEncoding = 4; lastKnownFileType = sourcecode.c.objc; path = ZDDThemeConfiguration.m; sourceTree = "<group>"; };
		376421CA224CD65600357E5B /* ZDDThemeConfiguration.h */ = {isa = PBXFileReference; fileEncoding = 4; lastKnownFileType = sourcecode.c.h; path = ZDDThemeConfiguration.h; sourceTree = "<group>"; };
		376421CC224CD65600357E5B /* UIColor+ZDDColor.m */ = {isa = PBXFileReference; fileEncoding = 4; lastKnownFileType = sourcecode.c.objc; path = "UIColor+ZDDColor.m"; sourceTree = "<group>"; };
		376421CD224CD65600357E5B /* UIColor+ZDDColor.h */ = {isa = PBXFileReference; fileEncoding = 4; lastKnownFileType = sourcecode.c.h; path = "UIColor+ZDDColor.h"; sourceTree = "<group>"; };
		376421CF224CD65600357E5B /* ZDDNotificationName.m */ = {isa = PBXFileReference; fileEncoding = 4; lastKnownFileType = sourcecode.c.objc; path = ZDDNotificationName.m; sourceTree = "<group>"; };
		376421D0224CD65600357E5B /* ZDDNotificationName.h */ = {isa = PBXFileReference; fileEncoding = 4; lastKnownFileType = sourcecode.c.h; path = ZDDNotificationName.h; sourceTree = "<group>"; };
		376421D2224CD65600357E5B /* TEMPKeyConfiguration.m */ = {isa = PBXFileReference; fileEncoding = 4; lastKnownFileType = sourcecode.c.objc; path = TEMPKeyConfiguration.m; sourceTree = "<group>"; };
		376421D3224CD65600357E5B /* TEMPKeyConfiguration.h */ = {isa = PBXFileReference; fileEncoding = 4; lastKnownFileType = sourcecode.c.h; path = TEMPKeyConfiguration.h; sourceTree = "<group>"; };
		376421D5224CD65600357E5B /* UINavigationController+FDFullscreenPopGesture.h */ = {isa = PBXFileReference; fileEncoding = 4; lastKnownFileType = sourcecode.c.h; path = "UINavigationController+FDFullscreenPopGesture.h"; sourceTree = "<group>"; };
		376421D6224CD65600357E5B /* UINavigationController+FDFullscreenPopGesture.m */ = {isa = PBXFileReference; fileEncoding = 4; lastKnownFileType = sourcecode.c.objc; path = "UINavigationController+FDFullscreenPopGesture.m"; sourceTree = "<group>"; };
		376421D8224CD65600357E5B /* TEMPMacro.h */ = {isa = PBXFileReference; fileEncoding = 4; lastKnownFileType = sourcecode.c.h; path = TEMPMacro.h; sourceTree = "<group>"; };
		376421D9224CD65600357E5B /* UIView+ZDD.h */ = {isa = PBXFileReference; fileEncoding = 4; lastKnownFileType = sourcecode.c.h; path = "UIView+ZDD.h"; sourceTree = "<group>"; };
		376421DA224CD65600357E5B /* UIImage+Blur.h */ = {isa = PBXFileReference; fileEncoding = 4; lastKnownFileType = sourcecode.c.h; path = "UIImage+Blur.h"; sourceTree = "<group>"; };
		376421DC224CD65600357E5B /* ZDDPhotoBrowseView.m */ = {isa = PBXFileReference; fileEncoding = 4; lastKnownFileType = sourcecode.c.objc; path = ZDDPhotoBrowseView.m; sourceTree = "<group>"; };
		376421DD224CD65600357E5B /* ZDDPhotoBrowseView.h */ = {isa = PBXFileReference; fileEncoding = 4; lastKnownFileType = sourcecode.c.h; path = ZDDPhotoBrowseView.h; sourceTree = "<group>"; };
		376421DF224CD65600357E5B /* NSArray+HYBUnicodeReadable.m */ = {isa = PBXFileReference; fileEncoding = 4; lastKnownFileType = sourcecode.c.objc; path = "NSArray+HYBUnicodeReadable.m"; sourceTree = "<group>"; };
		376421E0224CD65600357E5B /* NSDictionary+HYBUnicodeReadable.m */ = {isa = PBXFileReference; fileEncoding = 4; lastKnownFileType = sourcecode.c.objc; path = "NSDictionary+HYBUnicodeReadable.m"; sourceTree = "<group>"; };
		376421E1224CD65600357E5B /* NSSet+HYBUnicodeReadable.m */ = {isa = PBXFileReference; fileEncoding = 4; lastKnownFileType = sourcecode.c.objc; path = "NSSet+HYBUnicodeReadable.m"; sourceTree = "<group>"; };
		376421E2224CD65600357E5B /* NSArray+HYBUnicodeReadable.h */ = {isa = PBXFileReference; fileEncoding = 4; lastKnownFileType = sourcecode.c.h; path = "NSArray+HYBUnicodeReadable.h"; sourceTree = "<group>"; };
		376421E3224CD65600357E5B /* Foundation+Log.m */ = {isa = PBXFileReference; fileEncoding = 4; lastKnownFileType = sourcecode.c.objc; path = "Foundation+Log.m"; sourceTree = "<group>"; };
		376421E4224CD65600357E5B /* NSDictionary+HYBUnicodeReadable.h */ = {isa = PBXFileReference; fileEncoding = 4; lastKnownFileType = sourcecode.c.h; path = "NSDictionary+HYBUnicodeReadable.h"; sourceTree = "<group>"; };
		376421E5224CD65600357E5B /* NSSet+HYBUnicodeReadable.h */ = {isa = PBXFileReference; fileEncoding = 4; lastKnownFileType = sourcecode.c.h; path = "NSSet+HYBUnicodeReadable.h"; sourceTree = "<group>"; };
		376421FA224CD69800357E5B /* TEMPSDKManager.m */ = {isa = PBXFileReference; fileEncoding = 4; lastKnownFileType = sourcecode.c.objc; path = TEMPSDKManager.m; sourceTree = "<group>"; };
		376421FB224CD69800357E5B /* TEMPSDKManager.h */ = {isa = PBXFileReference; fileEncoding = 4; lastKnownFileType = sourcecode.c.h; path = TEMPSDKManager.h; sourceTree = "<group>"; };
		376421FD224CD69800357E5B /* TEMPLaunchManager.m */ = {isa = PBXFileReference; fileEncoding = 4; lastKnownFileType = sourcecode.c.objc; path = TEMPLaunchManager.m; sourceTree = "<group>"; };
		376421FE224CD69800357E5B /* TEMPLaunchManager.h */ = {isa = PBXFileReference; fileEncoding = 4; lastKnownFileType = sourcecode.c.h; path = TEMPLaunchManager.h; sourceTree = "<group>"; };
		37642200224CD69800357E5B /* TEMPAppDelegate+BackgroundTask.h */ = {isa = PBXFileReference; fileEncoding = 4; lastKnownFileType = sourcecode.c.h; path = "TEMPAppDelegate+BackgroundTask.h"; sourceTree = "<group>"; };
		37642201224CD69800357E5B /* TEMPAppDelegate+OpenURL.h */ = {isa = PBXFileReference; fileEncoding = 4; lastKnownFileType = sourcecode.c.h; path = "TEMPAppDelegate+OpenURL.h"; sourceTree = "<group>"; };
		37642202224CD69800357E5B /* TEMPAppDelegate+PushService.h */ = {isa = PBXFileReference; fileEncoding = 4; lastKnownFileType = sourcecode.c.h; path = "TEMPAppDelegate+PushService.h"; sourceTree = "<group>"; };
		37642203224CD69800357E5B /* TEMPAppDelegate+BackgroundTask.m */ = {isa = PBXFileReference; fileEncoding = 4; lastKnownFileType = sourcecode.c.objc; path = "TEMPAppDelegate+BackgroundTask.m"; sourceTree = "<group>"; };
		37642204224CD69800357E5B /* TEMPAppDelegate+OpenURL.m */ = {isa = PBXFileReference; fileEncoding = 4; lastKnownFileType = sourcecode.c.objc; path = "TEMPAppDelegate+OpenURL.m"; sourceTree = "<group>"; };
		37642205224CD69800357E5B /* TEMPAppDelegate+PushService.m */ = {isa = PBXFileReference; fileEncoding = 4; lastKnownFileType = sourcecode.c.objc; path = "TEMPAppDelegate+PushService.m"; sourceTree = "<group>"; };
		3764220C224CD6E000357E5B /* ZDDMenuBaseNavController.h */ = {isa = PBXFileReference; fileEncoding = 4; lastKnownFileType = sourcecode.c.h; path = ZDDMenuBaseNavController.h; sourceTree = "<group>"; };
		3764220D224CD6E000357E5B /* ZDDTabBarController.m */ = {isa = PBXFileReference; fileEncoding = 4; lastKnownFileType = sourcecode.c.objc; path = ZDDTabBarController.m; sourceTree = "<group>"; };
		3764220E224CD6E000357E5B /* ZDDMenuBaseNavController.m */ = {isa = PBXFileReference; fileEncoding = 4; lastKnownFileType = sourcecode.c.objc; path = ZDDMenuBaseNavController.m; sourceTree = "<group>"; };
		3764220F224CD6E000357E5B /* ZDDTabBarController.h */ = {isa = PBXFileReference; fileEncoding = 4; lastKnownFileType = sourcecode.c.h; path = ZDDTabBarController.h; sourceTree = "<group>"; };
		37642212224CD77C00357E5B /* ZDDBaseViewController.h */ = {isa = PBXFileReference; lastKnownFileType = sourcecode.c.h; path = ZDDBaseViewController.h; sourceTree = "<group>"; };
		37642213224CD77C00357E5B /* ZDDBaseViewController.m */ = {isa = PBXFileReference; lastKnownFileType = sourcecode.c.objc; path = ZDDBaseViewController.m; sourceTree = "<group>"; };
		37642215224CD79A00357E5B /* ZDDSecondController.h */ = {isa = PBXFileReference; lastKnownFileType = sourcecode.c.h; path = ZDDSecondController.h; sourceTree = "<group>"; };
		37642216224CD79A00357E5B /* ZDDSecondController.m */ = {isa = PBXFileReference; lastKnownFileType = sourcecode.c.objc; path = ZDDSecondController.m; sourceTree = "<group>"; };
		37642218224CD7AA00357E5B /* ZDDFirstController.h */ = {isa = PBXFileReference; lastKnownFileType = sourcecode.c.h; path = ZDDFirstController.h; sourceTree = "<group>"; };
		37642219224CD7AA00357E5B /* ZDDFirstController.m */ = {isa = PBXFileReference; lastKnownFileType = sourcecode.c.objc; path = ZDDFirstController.m; sourceTree = "<group>"; };
		3764221B224CD7BD00357E5B /* ZDDThridController.h */ = {isa = PBXFileReference; lastKnownFileType = sourcecode.c.h; path = ZDDThridController.h; sourceTree = "<group>"; };
		3764221C224CD7BD00357E5B /* ZDDThridController.m */ = {isa = PBXFileReference; lastKnownFileType = sourcecode.c.objc; path = ZDDThridController.m; sourceTree = "<group>"; };
		37E6A116224CFE250056CB8C /* PrefixHeader.pch */ = {isa = PBXFileReference; lastKnownFileType = sourcecode.c.h; path = PrefixHeader.pch; sourceTree = "<group>"; };
		37E6A117224D09A60056CB8C /* ZDDFistListCellNode.h */ = {isa = PBXFileReference; lastKnownFileType = sourcecode.c.h; path = ZDDFistListCellNode.h; sourceTree = "<group>"; };
		37E6A118224D09A60056CB8C /* ZDDFistListCellNode.m */ = {isa = PBXFileReference; lastKnownFileType = sourcecode.c.objc; path = ZDDFistListCellNode.m; sourceTree = "<group>"; };
		37E6A11A224D0C0C0056CB8C /* ZDDFileModel.h */ = {isa = PBXFileReference; lastKnownFileType = sourcecode.c.h; path = ZDDFileModel.h; sourceTree = "<group>"; };
		37E6A11B224D0C0C0056CB8C /* ZDDFileModel.m */ = {isa = PBXFileReference; lastKnownFileType = sourcecode.c.objc; path = ZDDFileModel.m; sourceTree = "<group>"; };
		4A0B8F92224DBA3100B15CCB /* GODWebViewController.h */ = {isa = PBXFileReference; lastKnownFileType = sourcecode.c.h; path = GODWebViewController.h; sourceTree = "<group>"; };
		4A0B8F93224DBA3100B15CCB /* GODWebViewController.m */ = {isa = PBXFileReference; lastKnownFileType = sourcecode.c.objc; path = GODWebViewController.m; sourceTree = "<group>"; };
		658C6B93D12A1822C681DB5B /* Pods-笑笑.debug.xcconfig */ = {isa = PBXFileReference; includeInIndex = 1; lastKnownFileType = text.xcconfig; name = "Pods-笑笑.debug.xcconfig"; path = "Pods/Target Support Files/Pods-笑笑/Pods-笑笑.debug.xcconfig"; sourceTree = "<group>"; };
/* End PBXFileReference section */

/* Begin PBXFrameworksBuildPhase section */
		3764215E224CCF2000357E5B /* Frameworks */ = {
			isa = PBXFrameworksBuildPhase;
			buildActionMask = 2147483647;
			files = (
				94644878784C21C6A210539C /* libPods-笑笑.a in Frameworks */,
			);
			runOnlyForDeploymentPostprocessing = 0;
		};
		37642176224CCF2200357E5B /* Frameworks */ = {
			isa = PBXFrameworksBuildPhase;
			buildActionMask = 2147483647;
			files = (
			);
			runOnlyForDeploymentPostprocessing = 0;
		};
		37642181224CCF2200357E5B /* Frameworks */ = {
			isa = PBXFrameworksBuildPhase;
			buildActionMask = 2147483647;
			files = (
			);
			runOnlyForDeploymentPostprocessing = 0;
		};
/* End PBXFrameworksBuildPhase section */

/* Begin PBXGroup section */
		37642158224CCF2000357E5B = {
			isa = PBXGroup;
			children = (
				37642163224CCF2000357E5B /* 笑笑 */,
				3764217C224CCF2200357E5B /* 笑笑Tests */,
				37642187224CCF2200357E5B /* 笑笑UITests */,
				37642162224CCF2000357E5B /* Products */,
				D7B32476DC8E45A73C0BC319 /* Pods */,
				A6654959D9BF32C374844157 /* Frameworks */,
			);
			sourceTree = "<group>";
		};
		37642162224CCF2000357E5B /* Products */ = {
			isa = PBXGroup;
			children = (
				37642161224CCF2000357E5B /* 笑笑.app */,
				37642179224CCF2200357E5B /* 笑笑Tests.xctest */,
				37642184224CCF2200357E5B /* 笑笑UITests.xctest */,
			);
			name = Products;
			sourceTree = "<group>";
		};
		37642163224CCF2000357E5B /* 笑笑 */ = {
			isa = PBXGroup;
			children = (
				4A0B8F91224DBA1700B15CCB /* WebView */,
				37642196224CD5CD00357E5B /* Bussiness */,
				376421FF224CD69800357E5B /* AppDelegateCategory */,
				376421FC224CD69800357E5B /* Launch */,
				376421F9224CD69800357E5B /* SDK */,
				376421B6224CD65600357E5B /* Utils */,
				3764216D224CCF2200357E5B /* Assets.xcassets */,
				3764216F224CCF2200357E5B /* LaunchScreen.storyboard */,
				37642164224CCF2000357E5B /* TEMPAppDelegate.h */,
				37642165224CCF2000357E5B /* TEMPAppDelegate.m */,
				37E6A116224CFE250056CB8C /* PrefixHeader.pch */,
				3764216A224CCF2000357E5B /* Main.storyboard */,
				37642172224CCF2200357E5B /* Info.plist */,
				37642173224CCF2200357E5B /* main.m */,
			);
			path = "笑笑";
			sourceTree = "<group>";
		};
		3764217C224CCF2200357E5B /* 笑笑Tests */ = {
			isa = PBXGroup;
			children = (
				3764217D224CCF2200357E5B /* __Tests.m */,
				3764217F224CCF2200357E5B /* Info.plist */,
			);
			path = "笑笑Tests";
			sourceTree = "<group>";
		};
		37642187224CCF2200357E5B /* 笑笑UITests */ = {
			isa = PBXGroup;
			children = (
				37642188224CCF2200357E5B /* __UITests.m */,
				3764218A224CCF2200357E5B /* Info.plist */,
			);
			path = "笑笑UITests";
			sourceTree = "<group>";
		};
		37642196224CD5CD00357E5B /* Bussiness */ = {
			isa = PBXGroup;
			children = (
				3764220B224CD6E000357E5B /* BaseTabController */,
				37642197224CD5CD00357E5B /* SecondTab */,
				3764219B224CD5CD00357E5B /* FirstTab */,
				3764219F224CD5CD00357E5B /* ThridTab */,
			);
			path = Bussiness;
			sourceTree = "<group>";
		};
		37642197224CD5CD00357E5B /* SecondTab */ = {
			isa = PBXGroup;
			children = (
				37642198224CD5CD00357E5B /* controller */,
				37642199224CD5CD00357E5B /* model */,
				3764219A224CD5CD00357E5B /* view */,
			);
			path = SecondTab;
			sourceTree = "<group>";
		};
		37642198224CD5CD00357E5B /* controller */ = {
			isa = PBXGroup;
			children = (
				37642215224CD79A00357E5B /* ZDDSecondController.h */,
				37642216224CD79A00357E5B /* ZDDSecondController.m */,
			);
			path = controller;
			sourceTree = "<group>";
		};
		37642199224CD5CD00357E5B /* model */ = {
			isa = PBXGroup;
			children = (
			);
			path = model;
			sourceTree = "<group>";
		};
		3764219A224CD5CD00357E5B /* view */ = {
			isa = PBXGroup;
			children = (
			);
			path = view;
			sourceTree = "<group>";
		};
		3764219B224CD5CD00357E5B /* FirstTab */ = {
			isa = PBXGroup;
			children = (
				3764219C224CD5CD00357E5B /* controller */,
				3764219D224CD5CD00357E5B /* model */,
				3764219E224CD5CD00357E5B /* view */,
			);
			path = FirstTab;
			sourceTree = "<group>";
		};
		3764219C224CD5CD00357E5B /* controller */ = {
			isa = PBXGroup;
			children = (
				37642218224CD7AA00357E5B /* ZDDFirstController.h */,
				37642219224CD7AA00357E5B /* ZDDFirstController.m */,
			);
			path = controller;
			sourceTree = "<group>";
		};
		3764219D224CD5CD00357E5B /* model */ = {
			isa = PBXGroup;
			children = (
				37E6A11A224D0C0C0056CB8C /* ZDDFileModel.h */,
				37E6A11B224D0C0C0056CB8C /* ZDDFileModel.m */,
			);
			path = model;
			sourceTree = "<group>";
		};
		3764219E224CD5CD00357E5B /* view */ = {
			isa = PBXGroup;
			children = (
				37E6A117224D09A60056CB8C /* ZDDFistListCellNode.h */,
				37E6A118224D09A60056CB8C /* ZDDFistListCellNode.m */,
			);
			path = view;
			sourceTree = "<group>";
		};
		3764219F224CD5CD00357E5B /* ThridTab */ = {
			isa = PBXGroup;
			children = (
				376421A0224CD5CD00357E5B /* controller */,
				376421A1224CD5CD00357E5B /* model */,
				376421A2224CD5CD00357E5B /* view */,
			);
			path = ThridTab;
			sourceTree = "<group>";
		};
		376421A0224CD5CD00357E5B /* controller */ = {
			isa = PBXGroup;
			children = (
				3764221B224CD7BD00357E5B /* ZDDThridController.h */,
				3764221C224CD7BD00357E5B /* ZDDThridController.m */,
			);
			path = controller;
			sourceTree = "<group>";
		};
		376421A1224CD5CD00357E5B /* model */ = {
			isa = PBXGroup;
			children = (
			);
			path = model;
			sourceTree = "<group>";
		};
		376421A2224CD5CD00357E5B /* view */ = {
			isa = PBXGroup;
			children = (
			);
			path = view;
			sourceTree = "<group>";
		};
		376421B6224CD65600357E5B /* Utils */ = {
			isa = PBXGroup;
			children = (
				376421B8224CD65600357E5B /* Category */,
				376421D4224CD65600357E5B /* FullGes */,
				376421D1224CD65600357E5B /* KeyConfiguration */,
				376421D7224CD65600357E5B /* Macro */,
				376421CE224CD65600357E5B /* Notification */,
				376421C8224CD65600357E5B /* ThemeColorConfiguration */,
				376421CB224CD65600357E5B /* UIColorCategory */,
				376421DA224CD65600357E5B /* UIImage+Blur.h */,
				376421B7224CD65600357E5B /* UIImage+Blur.m */,
				376421D9224CD65600357E5B /* UIView+ZDD.h */,
				376421C7224CD65600357E5B /* UIView+ZDD.m */,
				376421DE224CD65600357E5B /* UnicodeLog */,
				376421DB224CD65600357E5B /* ZDDPhotoBrowse */,
			);
			path = Utils;
			sourceTree = "<group>";
		};
		376421B8224CD65600357E5B /* Category */ = {
			isa = PBXGroup;
			children = (
				376421B9224CD65600357E5B /* ASButtonNode+LHExtension.m */,
				376421BA224CD65600357E5B /* UIView+LH.m */,
				376421BB224CD65600357E5B /* UIView+ZDD.m */,
				376421BC224CD65600357E5B /* NSString+Regex.h */,
				376421BD224CD65600357E5B /* NSMutableDictionary+Attributes.m */,
				376421BE224CD65600357E5B /* NSMutableAttributedString+Chain.m */,
				376421BF224CD65600357E5B /* UIColor+CustomColors.h */,
				376421C0224CD65600357E5B /* ASButtonNode+LHExtension.h */,
				376421C1224CD65600357E5B /* UIView+ZDD.h */,
				376421C2224CD65600357E5B /* UIView+LH.h */,
				376421C3224CD65600357E5B /* NSMutableDictionary+Attributes.h */,
				376421C4224CD65600357E5B /* NSString+Regex.m */,
				376421C5224CD65600357E5B /* UIColor+CustomColors.m */,
				376421C6224CD65600357E5B /* NSMutableAttributedString+Chain.h */,
			);
			path = Category;
			sourceTree = "<group>";
		};
		376421C8224CD65600357E5B /* ThemeColorConfiguration */ = {
			isa = PBXGroup;
			children = (
				376421C9224CD65600357E5B /* ZDDThemeConfiguration.m */,
				376421CA224CD65600357E5B /* ZDDThemeConfiguration.h */,
			);
			path = ThemeColorConfiguration;
			sourceTree = "<group>";
		};
		376421CB224CD65600357E5B /* UIColorCategory */ = {
			isa = PBXGroup;
			children = (
				376421CC224CD65600357E5B /* UIColor+ZDDColor.m */,
				376421CD224CD65600357E5B /* UIColor+ZDDColor.h */,
			);
			path = UIColorCategory;
			sourceTree = "<group>";
		};
		376421CE224CD65600357E5B /* Notification */ = {
			isa = PBXGroup;
			children = (
				376421CF224CD65600357E5B /* ZDDNotificationName.m */,
				376421D0224CD65600357E5B /* ZDDNotificationName.h */,
			);
			path = Notification;
			sourceTree = "<group>";
		};
		376421D1224CD65600357E5B /* KeyConfiguration */ = {
			isa = PBXGroup;
			children = (
				376421D2224CD65600357E5B /* TEMPKeyConfiguration.m */,
				376421D3224CD65600357E5B /* TEMPKeyConfiguration.h */,
			);
			path = KeyConfiguration;
			sourceTree = "<group>";
		};
		376421D4224CD65600357E5B /* FullGes */ = {
			isa = PBXGroup;
			children = (
				376421D5224CD65600357E5B /* UINavigationController+FDFullscreenPopGesture.h */,
				376421D6224CD65600357E5B /* UINavigationController+FDFullscreenPopGesture.m */,
			);
			path = FullGes;
			sourceTree = "<group>";
		};
		376421D7224CD65600357E5B /* Macro */ = {
			isa = PBXGroup;
			children = (
				376421D8224CD65600357E5B /* TEMPMacro.h */,
			);
			path = Macro;
			sourceTree = "<group>";
		};
		376421DB224CD65600357E5B /* ZDDPhotoBrowse */ = {
			isa = PBXGroup;
			children = (
				376421DC224CD65600357E5B /* ZDDPhotoBrowseView.m */,
				376421DD224CD65600357E5B /* ZDDPhotoBrowseView.h */,
			);
			path = ZDDPhotoBrowse;
			sourceTree = "<group>";
		};
		376421DE224CD65600357E5B /* UnicodeLog */ = {
			isa = PBXGroup;
			children = (
				376421DF224CD65600357E5B /* NSArray+HYBUnicodeReadable.m */,
				376421E0224CD65600357E5B /* NSDictionary+HYBUnicodeReadable.m */,
				376421E1224CD65600357E5B /* NSSet+HYBUnicodeReadable.m */,
				376421E2224CD65600357E5B /* NSArray+HYBUnicodeReadable.h */,
				376421E3224CD65600357E5B /* Foundation+Log.m */,
				376421E4224CD65600357E5B /* NSDictionary+HYBUnicodeReadable.h */,
				376421E5224CD65600357E5B /* NSSet+HYBUnicodeReadable.h */,
			);
			path = UnicodeLog;
			sourceTree = "<group>";
		};
		376421F9224CD69800357E5B /* SDK */ = {
			isa = PBXGroup;
			children = (
				376421FA224CD69800357E5B /* TEMPSDKManager.m */,
				376421FB224CD69800357E5B /* TEMPSDKManager.h */,
			);
			path = SDK;
			sourceTree = "<group>";
		};
		376421FC224CD69800357E5B /* Launch */ = {
			isa = PBXGroup;
			children = (
				376421FE224CD69800357E5B /* TEMPLaunchManager.h */,
				376421FD224CD69800357E5B /* TEMPLaunchManager.m */,
			);
			path = Launch;
			sourceTree = "<group>";
		};
		376421FF224CD69800357E5B /* AppDelegateCategory */ = {
			isa = PBXGroup;
			children = (
				37642200224CD69800357E5B /* TEMPAppDelegate+BackgroundTask.h */,
				37642201224CD69800357E5B /* TEMPAppDelegate+OpenURL.h */,
				37642202224CD69800357E5B /* TEMPAppDelegate+PushService.h */,
				37642203224CD69800357E5B /* TEMPAppDelegate+BackgroundTask.m */,
				37642204224CD69800357E5B /* TEMPAppDelegate+OpenURL.m */,
				37642205224CD69800357E5B /* TEMPAppDelegate+PushService.m */,
			);
			path = AppDelegateCategory;
			sourceTree = "<group>";
		};
		3764220B224CD6E000357E5B /* BaseTabController */ = {
			isa = PBXGroup;
			children = (
				3764220C224CD6E000357E5B /* ZDDMenuBaseNavController.h */,
				3764220E224CD6E000357E5B /* ZDDMenuBaseNavController.m */,
				3764220F224CD6E000357E5B /* ZDDTabBarController.h */,
				3764220D224CD6E000357E5B /* ZDDTabBarController.m */,
				37642212224CD77C00357E5B /* ZDDBaseViewController.h */,
				37642213224CD77C00357E5B /* ZDDBaseViewController.m */,
			);
			path = BaseTabController;
			sourceTree = "<group>";
		};
		4A0B8F91224DBA1700B15CCB /* WebView */ = {
			isa = PBXGroup;
			children = (
				4A0B8F92224DBA3100B15CCB /* GODWebViewController.h */,
				4A0B8F93224DBA3100B15CCB /* GODWebViewController.m */,
			);
			path = WebView;
			sourceTree = "<group>";
		};
		A6654959D9BF32C374844157 /* Frameworks */ = {
			isa = PBXGroup;
			children = (
				00B434BE16EB49747D1E1B8D /* libPods-笑笑.a */,
			);
			name = Frameworks;
			sourceTree = "<group>";
		};
		D7B32476DC8E45A73C0BC319 /* Pods */ = {
			isa = PBXGroup;
			children = (
				658C6B93D12A1822C681DB5B /* Pods-笑笑.debug.xcconfig */,
				013533592A6A9525649FD825 /* Pods-笑笑.release.xcconfig */,
			);
			name = Pods;
			sourceTree = "<group>";
		};
/* End PBXGroup section */

/* Begin PBXNativeTarget section */
		37642160224CCF2000357E5B /* 笑笑 */ = {
			isa = PBXNativeTarget;
			buildConfigurationList = 3764218D224CCF2200357E5B /* Build configuration list for PBXNativeTarget "笑笑" */;
			buildPhases = (
				E7E1AE1424D996325A44F665 /* [CP] Check Pods Manifest.lock */,
				3764215D224CCF2000357E5B /* Sources */,
				3764215E224CCF2000357E5B /* Frameworks */,
				3764215F224CCF2000357E5B /* Resources */,
				830BA40BAADE93BE8F93303F /* [CP] Copy Pods Resources */,
			);
			buildRules = (
			);
			dependencies = (
			);
			name = "笑笑";
			productName = "笑笑";
			productReference = 37642161224CCF2000357E5B /* 笑笑.app */;
			productType = "com.apple.product-type.application";
		};
		37642178224CCF2200357E5B /* 笑笑Tests */ = {
			isa = PBXNativeTarget;
			buildConfigurationList = 37642190224CCF2200357E5B /* Build configuration list for PBXNativeTarget "笑笑Tests" */;
			buildPhases = (
				37642175224CCF2200357E5B /* Sources */,
				37642176224CCF2200357E5B /* Frameworks */,
				37642177224CCF2200357E5B /* Resources */,
			);
			buildRules = (
			);
			dependencies = (
				3764217B224CCF2200357E5B /* PBXTargetDependency */,
			);
			name = "笑笑Tests";
			productName = "笑笑Tests";
			productReference = 37642179224CCF2200357E5B /* 笑笑Tests.xctest */;
			productType = "com.apple.product-type.bundle.unit-test";
		};
		37642183224CCF2200357E5B /* 笑笑UITests */ = {
			isa = PBXNativeTarget;
			buildConfigurationList = 37642193224CCF2200357E5B /* Build configuration list for PBXNativeTarget "笑笑UITests" */;
			buildPhases = (
				37642180224CCF2200357E5B /* Sources */,
				37642181224CCF2200357E5B /* Frameworks */,
				37642182224CCF2200357E5B /* Resources */,
			);
			buildRules = (
			);
			dependencies = (
				37642186224CCF2200357E5B /* PBXTargetDependency */,
			);
			name = "笑笑UITests";
			productName = "笑笑UITests";
			productReference = 37642184224CCF2200357E5B /* 笑笑UITests.xctest */;
			productType = "com.apple.product-type.bundle.ui-testing";
		};
/* End PBXNativeTarget section */

/* Begin PBXProject section */
		37642159224CCF2000357E5B /* Project object */ = {
			isa = PBXProject;
			attributes = {
				LastUpgradeCheck = 1010;
				ORGANIZATIONNAME = MakerYang.com;
				TargetAttributes = {
					37642160224CCF2000357E5B = {
						CreatedOnToolsVersion = 10.1;
					};
					37642178224CCF2200357E5B = {
						CreatedOnToolsVersion = 10.1;
						TestTargetID = 37642160224CCF2000357E5B;
					};
					37642183224CCF2200357E5B = {
						CreatedOnToolsVersion = 10.1;
						TestTargetID = 37642160224CCF2000357E5B;
					};
				};
			};
			buildConfigurationList = 3764215C224CCF2000357E5B /* Build configuration list for PBXProject "笑笑" */;
			compatibilityVersion = "Xcode 9.3";
			developmentRegion = en;
			hasScannedForEncodings = 0;
			knownRegions = (
				en,
				Base,
			);
			mainGroup = 37642158224CCF2000357E5B;
			productRefGroup = 37642162224CCF2000357E5B /* Products */;
			projectDirPath = "";
			projectRoot = "";
			targets = (
				37642160224CCF2000357E5B /* 笑笑 */,
				37642178224CCF2200357E5B /* 笑笑Tests */,
				37642183224CCF2200357E5B /* 笑笑UITests */,
			);
		};
/* End PBXProject section */

/* Begin PBXResourcesBuildPhase section */
		3764215F224CCF2000357E5B /* Resources */ = {
			isa = PBXResourcesBuildPhase;
			buildActionMask = 2147483647;
			files = (
				37642171224CCF2200357E5B /* LaunchScreen.storyboard in Resources */,
				3764216E224CCF2200357E5B /* Assets.xcassets in Resources */,
				3764216C224CCF2000357E5B /* Main.storyboard in Resources */,
			);
			runOnlyForDeploymentPostprocessing = 0;
		};
		37642177224CCF2200357E5B /* Resources */ = {
			isa = PBXResourcesBuildPhase;
			buildActionMask = 2147483647;
			files = (
			);
			runOnlyForDeploymentPostprocessing = 0;
		};
		37642182224CCF2200357E5B /* Resources */ = {
			isa = PBXResourcesBuildPhase;
			buildActionMask = 2147483647;
			files = (
			);
			runOnlyForDeploymentPostprocessing = 0;
		};
/* End PBXResourcesBuildPhase section */

/* Begin PBXShellScriptBuildPhase section */
		830BA40BAADE93BE8F93303F /* [CP] Copy Pods Resources */ = {
			isa = PBXShellScriptBuildPhase;
			buildActionMask = 2147483647;
			files = (
			);
			inputPaths = (
				"${PODS_ROOT}/Target Support Files/Pods-笑笑/Pods-笑笑-resources.sh",
				"${PODS_ROOT}/AVOSCloud/AVOS/AVOSCloud/AVOSCloud_Art.inc",
				"${PODS_ROOT}/DateTools/DateTools/DateTools/DateTools.bundle",
				"${PODS_ROOT}/MFHUDManager/Image/notice_type_error.png",
				"${PODS_ROOT}/MFHUDManager/Image/notice_type_success.png",
				"${PODS_ROOT}/MFHUDManager/Image/notice_type_warnning.png",
				"${PODS_ROOT}/MJRefresh/MJRefresh/MJRefresh.bundle",
				"${PODS_ROOT}/QMUIKit/QMUIKit/QMUIResources/QMUIResources.bundle",
				"${PODS_ROOT}/SuperPlayer/SuperPlayer/Resource/SuperPlayer.bundle",
			);
			name = "[CP] Copy Pods Resources";
			outputPaths = (
				"${TARGET_BUILD_DIR}/${UNLOCALIZED_RESOURCES_FOLDER_PATH}/AVOSCloud_Art.inc",
				"${TARGET_BUILD_DIR}/${UNLOCALIZED_RESOURCES_FOLDER_PATH}/DateTools.bundle",
				"${TARGET_BUILD_DIR}/${UNLOCALIZED_RESOURCES_FOLDER_PATH}/notice_type_error.png",
				"${TARGET_BUILD_DIR}/${UNLOCALIZED_RESOURCES_FOLDER_PATH}/notice_type_success.png",
				"${TARGET_BUILD_DIR}/${UNLOCALIZED_RESOURCES_FOLDER_PATH}/notice_type_warnning.png",
				"${TARGET_BUILD_DIR}/${UNLOCALIZED_RESOURCES_FOLDER_PATH}/MJRefresh.bundle",
				"${TARGET_BUILD_DIR}/${UNLOCALIZED_RESOURCES_FOLDER_PATH}/QMUIResources.bundle",
				"${TARGET_BUILD_DIR}/${UNLOCALIZED_RESOURCES_FOLDER_PATH}/SuperPlayer.bundle",
			);
			runOnlyForDeploymentPostprocessing = 0;
			shellPath = /bin/sh;
			shellScript = "\"${PODS_ROOT}/Target Support Files/Pods-笑笑/Pods-笑笑-resources.sh\"\n";
			showEnvVarsInLog = 0;
		};
		E7E1AE1424D996325A44F665 /* [CP] Check Pods Manifest.lock */ = {
			isa = PBXShellScriptBuildPhase;
			buildActionMask = 2147483647;
			files = (
			);
			inputPaths = (
				"${PODS_PODFILE_DIR_PATH}/Podfile.lock",
				"${PODS_ROOT}/Manifest.lock",
			);
			name = "[CP] Check Pods Manifest.lock";
			outputPaths = (
				"$(DERIVED_FILE_DIR)/Pods-笑笑-checkManifestLockResult.txt",
			);
			runOnlyForDeploymentPostprocessing = 0;
			shellPath = /bin/sh;
			shellScript = "diff \"${PODS_PODFILE_DIR_PATH}/Podfile.lock\" \"${PODS_ROOT}/Manifest.lock\" > /dev/null\nif [ $? != 0 ] ; then\n    # print error to STDERR\n    echo \"error: The sandbox is not in sync with the Podfile.lock. Run 'pod install' or update your CocoaPods installation.\" >&2\n    exit 1\nfi\n# This output is used by Xcode 'outputs' to avoid re-running this script phase.\necho \"SUCCESS\" > \"${SCRIPT_OUTPUT_FILE_0}\"\n";
			showEnvVarsInLog = 0;
		};
/* End PBXShellScriptBuildPhase section */

/* Begin PBXSourcesBuildPhase section */
		3764215D224CCF2000357E5B /* Sources */ = {
			isa = PBXSourcesBuildPhase;
			buildActionMask = 2147483647;
			files = (
				376421F7224CD65600357E5B /* NSSet+HYBUnicodeReadable.m in Sources */,
				376421F3224CD65600357E5B /* UINavigationController+FDFullscreenPopGesture.m in Sources */,
				37642217224CD79A00357E5B /* ZDDSecondController.m in Sources */,
				376421EE224CD65600357E5B /* UIView+ZDD.m in Sources */,
				37642174224CCF2200357E5B /* main.m in Sources */,
				376421F8224CD65600357E5B /* Foundation+Log.m in Sources */,
				376421E6224CD65600357E5B /* UIImage+Blur.m in Sources */,
				376421E7224CD65600357E5B /* ASButtonNode+LHExtension.m in Sources */,
				37642208224CD69800357E5B /* TEMPAppDelegate+BackgroundTask.m in Sources */,
				376421F1224CD65600357E5B /* ZDDNotificationName.m in Sources */,
				37642214224CD77C00357E5B /* ZDDBaseViewController.m in Sources */,
				376421EA224CD65600357E5B /* NSMutableDictionary+Attributes.m in Sources */,
				376421F0224CD65600357E5B /* UIColor+ZDDColor.m in Sources */,
				376421F2224CD65600357E5B /* TEMPKeyConfiguration.m in Sources */,
				37642206224CD69800357E5B /* TEMPSDKManager.m in Sources */,
				37E6A119224D09A60056CB8C /* ZDDFistListCellNode.m in Sources */,
				37E6A11C224D0C0C0056CB8C /* ZDDFileModel.m in Sources */,
				376421EC224CD65600357E5B /* NSString+Regex.m in Sources */,
				376421F5224CD65600357E5B /* NSArray+HYBUnicodeReadable.m in Sources */,
				3764221D224CD7BD00357E5B /* ZDDThridController.m in Sources */,
				376421E9224CD65600357E5B /* UIView+ZDD.m in Sources */,
				376421E8224CD65600357E5B /* UIView+LH.m in Sources */,
				37642209224CD69800357E5B /* TEMPAppDelegate+OpenURL.m in Sources */,
				376421EF224CD65600357E5B /* ZDDThemeConfiguration.m in Sources */,
				4A0B8F94224DBA3100B15CCB /* GODWebViewController.m in Sources */,
				37642207224CD69800357E5B /* TEMPLaunchManager.m in Sources */,
				37642211224CD6E000357E5B /* ZDDMenuBaseNavController.m in Sources */,
				376421F4224CD65600357E5B /* ZDDPhotoBrowseView.m in Sources */,
				37642210224CD6E000357E5B /* ZDDTabBarController.m in Sources */,
				376421F6224CD65600357E5B /* NSDictionary+HYBUnicodeReadable.m in Sources */,
				3764220A224CD69800357E5B /* TEMPAppDelegate+PushService.m in Sources */,
				37642166224CCF2000357E5B /* TEMPAppDelegate.m in Sources */,
				3764221A224CD7AA00357E5B /* ZDDFirstController.m in Sources */,
				376421ED224CD65600357E5B /* UIColor+CustomColors.m in Sources */,
				376421EB224CD65600357E5B /* NSMutableAttributedString+Chain.m in Sources */,
			);
			runOnlyForDeploymentPostprocessing = 0;
		};
		37642175224CCF2200357E5B /* Sources */ = {
			isa = PBXSourcesBuildPhase;
			buildActionMask = 2147483647;
			files = (
				3764217E224CCF2200357E5B /* __Tests.m in Sources */,
			);
			runOnlyForDeploymentPostprocessing = 0;
		};
		37642180224CCF2200357E5B /* Sources */ = {
			isa = PBXSourcesBuildPhase;
			buildActionMask = 2147483647;
			files = (
				37642189224CCF2200357E5B /* __UITests.m in Sources */,
			);
			runOnlyForDeploymentPostprocessing = 0;
		};
/* End PBXSourcesBuildPhase section */

/* Begin PBXTargetDependency section */
		3764217B224CCF2200357E5B /* PBXTargetDependency */ = {
			isa = PBXTargetDependency;
			target = 37642160224CCF2000357E5B /* 笑笑 */;
			targetProxy = 3764217A224CCF2200357E5B /* PBXContainerItemProxy */;
		};
		37642186224CCF2200357E5B /* PBXTargetDependency */ = {
			isa = PBXTargetDependency;
			target = 37642160224CCF2000357E5B /* 笑笑 */;
			targetProxy = 37642185224CCF2200357E5B /* PBXContainerItemProxy */;
		};
/* End PBXTargetDependency section */

/* Begin PBXVariantGroup section */
		3764216A224CCF2000357E5B /* Main.storyboard */ = {
			isa = PBXVariantGroup;
			children = (
				3764216B224CCF2000357E5B /* Base */,
			);
			name = Main.storyboard;
			sourceTree = "<group>";
		};
		3764216F224CCF2200357E5B /* LaunchScreen.storyboard */ = {
			isa = PBXVariantGroup;
			children = (
				37642170224CCF2200357E5B /* Base */,
			);
			name = LaunchScreen.storyboard;
			sourceTree = "<group>";
		};
/* End PBXVariantGroup section */

/* Begin XCBuildConfiguration section */
		3764218B224CCF2200357E5B /* Debug */ = {
			isa = XCBuildConfiguration;
			buildSettings = {
				ALWAYS_SEARCH_USER_PATHS = NO;
				CLANG_ANALYZER_NONNULL = YES;
				CLANG_ANALYZER_NUMBER_OBJECT_CONVERSION = YES_AGGRESSIVE;
				CLANG_CXX_LANGUAGE_STANDARD = "gnu++14";
				CLANG_CXX_LIBRARY = "libc++";
				CLANG_ENABLE_MODULES = YES;
				CLANG_ENABLE_OBJC_ARC = YES;
				CLANG_ENABLE_OBJC_WEAK = YES;
				CLANG_WARN_BLOCK_CAPTURE_AUTORELEASING = YES;
				CLANG_WARN_BOOL_CONVERSION = YES;
				CLANG_WARN_COMMA = YES;
				CLANG_WARN_CONSTANT_CONVERSION = YES;
				CLANG_WARN_DEPRECATED_OBJC_IMPLEMENTATIONS = YES;
				CLANG_WARN_DIRECT_OBJC_ISA_USAGE = YES_ERROR;
				CLANG_WARN_DOCUMENTATION_COMMENTS = YES;
				CLANG_WARN_EMPTY_BODY = YES;
				CLANG_WARN_ENUM_CONVERSION = YES;
				CLANG_WARN_INFINITE_RECURSION = YES;
				CLANG_WARN_INT_CONVERSION = YES;
				CLANG_WARN_NON_LITERAL_NULL_CONVERSION = YES;
				CLANG_WARN_OBJC_IMPLICIT_RETAIN_SELF = YES;
				CLANG_WARN_OBJC_LITERAL_CONVERSION = YES;
				CLANG_WARN_OBJC_ROOT_CLASS = YES_ERROR;
				CLANG_WARN_RANGE_LOOP_ANALYSIS = YES;
				CLANG_WARN_STRICT_PROTOTYPES = YES;
				CLANG_WARN_SUSPICIOUS_MOVE = YES;
				CLANG_WARN_UNGUARDED_AVAILABILITY = YES_AGGRESSIVE;
				CLANG_WARN_UNREACHABLE_CODE = YES;
				CLANG_WARN__DUPLICATE_METHOD_MATCH = YES;
				CODE_SIGN_IDENTITY = "iPhone Developer";
				COPY_PHASE_STRIP = NO;
				DEBUG_INFORMATION_FORMAT = dwarf;
				ENABLE_STRICT_OBJC_MSGSEND = YES;
				ENABLE_TESTABILITY = YES;
				GCC_C_LANGUAGE_STANDARD = gnu11;
				GCC_DYNAMIC_NO_PIC = NO;
				GCC_NO_COMMON_BLOCKS = YES;
				GCC_OPTIMIZATION_LEVEL = 0;
				GCC_PREPROCESSOR_DEFINITIONS = (
					"DEBUG=1",
					"$(inherited)",
				);
				GCC_WARN_64_TO_32_BIT_CONVERSION = YES;
				GCC_WARN_ABOUT_RETURN_TYPE = YES_ERROR;
				GCC_WARN_UNDECLARED_SELECTOR = YES;
				GCC_WARN_UNINITIALIZED_AUTOS = YES_AGGRESSIVE;
				GCC_WARN_UNUSED_FUNCTION = YES;
				GCC_WARN_UNUSED_VARIABLE = YES;
				IPHONEOS_DEPLOYMENT_TARGET = 12.1;
				MTL_ENABLE_DEBUG_INFO = INCLUDE_SOURCE;
				MTL_FAST_MATH = YES;
				ONLY_ACTIVE_ARCH = YES;
				SDKROOT = iphoneos;
			};
			name = Debug;
		};
		3764218C224CCF2200357E5B /* Release */ = {
			isa = XCBuildConfiguration;
			buildSettings = {
				ALWAYS_SEARCH_USER_PATHS = NO;
				CLANG_ANALYZER_NONNULL = YES;
				CLANG_ANALYZER_NUMBER_OBJECT_CONVERSION = YES_AGGRESSIVE;
				CLANG_CXX_LANGUAGE_STANDARD = "gnu++14";
				CLANG_CXX_LIBRARY = "libc++";
				CLANG_ENABLE_MODULES = YES;
				CLANG_ENABLE_OBJC_ARC = YES;
				CLANG_ENABLE_OBJC_WEAK = YES;
				CLANG_WARN_BLOCK_CAPTURE_AUTORELEASING = YES;
				CLANG_WARN_BOOL_CONVERSION = YES;
				CLANG_WARN_COMMA = YES;
				CLANG_WARN_CONSTANT_CONVERSION = YES;
				CLANG_WARN_DEPRECATED_OBJC_IMPLEMENTATIONS = YES;
				CLANG_WARN_DIRECT_OBJC_ISA_USAGE = YES_ERROR;
				CLANG_WARN_DOCUMENTATION_COMMENTS = YES;
				CLANG_WARN_EMPTY_BODY = YES;
				CLANG_WARN_ENUM_CONVERSION = YES;
				CLANG_WARN_INFINITE_RECURSION = YES;
				CLANG_WARN_INT_CONVERSION = YES;
				CLANG_WARN_NON_LITERAL_NULL_CONVERSION = YES;
				CLANG_WARN_OBJC_IMPLICIT_RETAIN_SELF = YES;
				CLANG_WARN_OBJC_LITERAL_CONVERSION = YES;
				CLANG_WARN_OBJC_ROOT_CLASS = YES_ERROR;
				CLANG_WARN_RANGE_LOOP_ANALYSIS = YES;
				CLANG_WARN_STRICT_PROTOTYPES = YES;
				CLANG_WARN_SUSPICIOUS_MOVE = YES;
				CLANG_WARN_UNGUARDED_AVAILABILITY = YES_AGGRESSIVE;
				CLANG_WARN_UNREACHABLE_CODE = YES;
				CLANG_WARN__DUPLICATE_METHOD_MATCH = YES;
				CODE_SIGN_IDENTITY = "iPhone Developer";
				COPY_PHASE_STRIP = NO;
				DEBUG_INFORMATION_FORMAT = "dwarf-with-dsym";
				ENABLE_NS_ASSERTIONS = NO;
				ENABLE_STRICT_OBJC_MSGSEND = YES;
				GCC_C_LANGUAGE_STANDARD = gnu11;
				GCC_NO_COMMON_BLOCKS = YES;
				GCC_WARN_64_TO_32_BIT_CONVERSION = YES;
				GCC_WARN_ABOUT_RETURN_TYPE = YES_ERROR;
				GCC_WARN_UNDECLARED_SELECTOR = YES;
				GCC_WARN_UNINITIALIZED_AUTOS = YES_AGGRESSIVE;
				GCC_WARN_UNUSED_FUNCTION = YES;
				GCC_WARN_UNUSED_VARIABLE = YES;
				IPHONEOS_DEPLOYMENT_TARGET = 12.1;
				MTL_ENABLE_DEBUG_INFO = NO;
				MTL_FAST_MATH = YES;
				SDKROOT = iphoneos;
				VALIDATE_PRODUCT = YES;
			};
			name = Release;
		};
		3764218E224CCF2200357E5B /* Debug */ = {
			isa = XCBuildConfiguration;
			baseConfigurationReference = 658C6B93D12A1822C681DB5B /* Pods-笑笑.debug.xcconfig */;
			buildSettings = {
				ASSETCATALOG_COMPILER_APPICON_NAME = AppIcon;
				CODE_SIGN_STYLE = Automatic;
				DEVELOPMENT_TEAM = 96NZDADFWS;
				GCC_PREFIX_HEADER = "$(PRODUCT_NAME)/PrefixHeader.pch";
				INFOPLIST_FILE = "笑笑/Info.plist";
				LD_RUNPATH_SEARCH_PATHS = (
					"$(inherited)",
					"@executable_path/Frameworks",
				);
				PRODUCT_BUNDLE_IDENTIFIER = "MakerYZC.--";
				PRODUCT_NAME = "$(TARGET_NAME)";
				TARGETED_DEVICE_FAMILY = "1,2";
			};
			name = Debug;
		};
		3764218F224CCF2200357E5B /* Release */ = {
			isa = XCBuildConfiguration;
			baseConfigurationReference = 013533592A6A9525649FD825 /* Pods-笑笑.release.xcconfig */;
			buildSettings = {
				ASSETCATALOG_COMPILER_APPICON_NAME = AppIcon;
				CODE_SIGN_STYLE = Automatic;
				DEVELOPMENT_TEAM = 96NZDADFWS;
				GCC_PREFIX_HEADER = "$(PRODUCT_NAME)/PrefixHeader.pch";
				INFOPLIST_FILE = "笑笑/Info.plist";
				LD_RUNPATH_SEARCH_PATHS = (
					"$(inherited)",
					"@executable_path/Frameworks",
				);
				PRODUCT_BUNDLE_IDENTIFIER = "MakerYZC.--";
				PRODUCT_NAME = "$(TARGET_NAME)";
				TARGETED_DEVICE_FAMILY = "1,2";
			};
			name = Release;
		};
		37642191224CCF2200357E5B /* Debug */ = {
			isa = XCBuildConfiguration;
			buildSettings = {
				BUNDLE_LOADER = "$(TEST_HOST)";
				CODE_SIGN_STYLE = Automatic;
				DEVELOPMENT_TEAM = 96NZDADFWS;
				INFOPLIST_FILE = "笑笑Tests/Info.plist";
				LD_RUNPATH_SEARCH_PATHS = (
					"$(inherited)",
					"@executable_path/Frameworks",
					"@loader_path/Frameworks",
				);
				PRODUCT_BUNDLE_IDENTIFIER = "MakerYZC.--Tests";
				PRODUCT_NAME = "$(TARGET_NAME)";
				TARGETED_DEVICE_FAMILY = "1,2";
				TEST_HOST = "$(BUILT_PRODUCTS_DIR)/笑笑.app/笑笑";
			};
			name = Debug;
		};
		37642192224CCF2200357E5B /* Release */ = {
			isa = XCBuildConfiguration;
			buildSettings = {
				BUNDLE_LOADER = "$(TEST_HOST)";
				CODE_SIGN_STYLE = Automatic;
				DEVELOPMENT_TEAM = 96NZDADFWS;
				INFOPLIST_FILE = "笑笑Tests/Info.plist";
				LD_RUNPATH_SEARCH_PATHS = (
					"$(inherited)",
					"@executable_path/Frameworks",
					"@loader_path/Frameworks",
				);
				PRODUCT_BUNDLE_IDENTIFIER = "MakerYZC.--Tests";
				PRODUCT_NAME = "$(TARGET_NAME)";
				TARGETED_DEVICE_FAMILY = "1,2";
				TEST_HOST = "$(BUILT_PRODUCTS_DIR)/笑笑.app/笑笑";
			};
			name = Release;
		};
		37642194224CCF2200357E5B /* Debug */ = {
			isa = XCBuildConfiguration;
			buildSettings = {
				CODE_SIGN_STYLE = Automatic;
				DEVELOPMENT_TEAM = 96NZDADFWS;
				INFOPLIST_FILE = "笑笑UITests/Info.plist";
				LD_RUNPATH_SEARCH_PATHS = (
					"$(inherited)",
					"@executable_path/Frameworks",
					"@loader_path/Frameworks",
				);
				PRODUCT_BUNDLE_IDENTIFIER = "MakerYZC.--UITests";
				PRODUCT_NAME = "$(TARGET_NAME)";
				TARGETED_DEVICE_FAMILY = "1,2";
				TEST_TARGET_NAME = "笑笑";
			};
			name = Debug;
		};
		37642195224CCF2200357E5B /* Release */ = {
			isa = XCBuildConfiguration;
			buildSettings = {
				CODE_SIGN_STYLE = Automatic;
				DEVELOPMENT_TEAM = 96NZDADFWS;
				INFOPLIST_FILE = "笑笑UITests/Info.plist";
				LD_RUNPATH_SEARCH_PATHS = (
					"$(inherited)",
					"@executable_path/Frameworks",
					"@loader_path/Frameworks",
				);
				PRODUCT_BUNDLE_IDENTIFIER = "MakerYZC.--UITests";
				PRODUCT_NAME = "$(TARGET_NAME)";
				TARGETED_DEVICE_FAMILY = "1,2";
				TEST_TARGET_NAME = "笑笑";
			};
			name = Release;
		};
/* End XCBuildConfiguration section */

/* Begin XCConfigurationList section */
		3764215C224CCF2000357E5B /* Build configuration list for PBXProject "笑笑" */ = {
			isa = XCConfigurationList;
			buildConfigurations = (
				3764218B224CCF2200357E5B /* Debug */,
				3764218C224CCF2200357E5B /* Release */,
			);
			defaultConfigurationIsVisible = 0;
			defaultConfigurationName = Release;
		};
		3764218D224CCF2200357E5B /* Build configuration list for PBXNativeTarget "笑笑" */ = {
			isa = XCConfigurationList;
			buildConfigurations = (
				3764218E224CCF2200357E5B /* Debug */,
				3764218F224CCF2200357E5B /* Release */,
			);
			defaultConfigurationIsVisible = 0;
			defaultConfigurationName = Release;
		};
		37642190224CCF2200357E5B /* Build configuration list for PBXNativeTarget "笑笑Tests" */ = {
			isa = XCConfigurationList;
			buildConfigurations = (
				37642191224CCF2200357E5B /* Debug */,
				37642192224CCF2200357E5B /* Release */,
			);
			defaultConfigurationIsVisible = 0;
			defaultConfigurationName = Release;
		};
		37642193224CCF2200357E5B /* Build configuration list for PBXNativeTarget "笑笑UITests" */ = {
			isa = XCConfigurationList;
			buildConfigurations = (
				37642194224CCF2200357E5B /* Debug */,
				37642195224CCF2200357E5B /* Release */,
			);
			defaultConfigurationIsVisible = 0;
			defaultConfigurationName = Release;
		};
/* End XCConfigurationList section */
	};
	rootObject = 37642159224CCF2000357E5B /* Project object */;
}
